
Microsoft Visual Studio Solution File, Format Version 12.00
# Visual Studio Version 16
VisualStudioVersion = 16.0.29911.84
MinimumVisualStudioVersion = 10.0.40219.1
Project("{FAE04EC0-301F-11D3-BF4B-00C04F79EFBC}") = "BookStore", "BookStore\BookStore.csproj", "{A6853D2E-32F0-4317-99CC-019154B6EB24}"
EndProject
Global
	GlobalSection(SolutionConfigurationPlatforms) = preSolution
		Debug|Any CPU = Debug|Any CPU
		Release|Any CPU = Release|Any CPU
	EndGlobalSection
	GlobalSection(ProjectConfigurationPlatforms) = postSolution
		{A6853D2E-32F0-4317-99CC-019154B6EB24}.Debug|Any CPU.ActiveCfg = Debug|Any CPU
		{A6853D2E-32F0-4317-99CC-019154B6EB24}.Debug|Any CPU.Build.0 = Debug|Any CPU
		{A6853D2E-32F0-4317-99CC-019154B6EB24}.Release|Any CPU.ActiveCfg = Release|Any CPU
		{A6853D2E-32F0-4317-99CC-019154B6EB24}.Release|Any CPU.Build.0 = Release|Any CPU
	EndGlobalSection
	GlobalSection(SolutionProperties) = preSolution
		HideSolutionNode = FALSE
	EndGlobalSection
	GlobalSection(ExtensibilityGlobals) = postSolution
		SolutionGuid = {26CD4DE1-6BB8-4D7C-B88C-C431A1288F37}
	EndGlobalSection
EndGlobal
